
Microsoft Visual Studio Solution File, Format Version 11.00
# Visual Studio 2010
Project("{FAE04EC0-301F-11D3-BF4B-00C04F79EFBC}") = "Pipes", "Pipes\Pipes.csproj", "{3949790D-8591-4101-9E4D-CE7A758E7409}"
EndProject
Global
	GlobalSection(SolutionConfigurationPlatforms) = preSolution
		Debug|Any CPU = Debug|Any CPU
		Release|Any CPU = Release|Any CPU
	EndGlobalSection
	GlobalSection(ProjectConfigurationPlatforms) = postSolution
		{3949790D-8591-4101-9E4D-CE7A758E7409}.Debug|Any CPU.ActiveCfg = Debug|Any CPU
		{3949790D-8591-4101-9E4D-CE7A758E7409}.Debug|Any CPU.Build.0 = Debug|Any CPU
		{3949790D-8591-4101-9E4D-CE7A758E7409}.Release|Any CPU.ActiveCfg = Release|Any CPU
		{3949790D-8591-4101-9E4D-CE7A758E7409}.Release|Any CPU.Build.0 = Release|Any CPU
	EndGlobalSection
	GlobalSection(MonoDevelopProperties) = preSolution
		StartupItem = Pipes\Pipes.csproj
	EndGlobalSection
EndGlobal
