
Microsoft Visual Studio Solution File, Format Version 11.00
# Visual Studio 2010
Project("{FAE04EC0-301F-11D3-BF4B-00C04F79EFBC}") = "Pipes", "Pipes\Pipes.csproj", "{3949790D-8591-4101-9E4D-CE7A758E7409}"
EndProject
Project("{FAE04EC0-301F-11D3-BF4B-00C04F79EFBC}") = "UnitTests", "UnitTests\UnitTests.csproj", "{62373408-6E14-4753-9B0E-EE0CF5988481}"
EndProject
Project("{FAE04EC0-301F-11D3-BF4B-00C04F79EFBC}") = "TestApplication1", "TestApplication1\TestApplication1.csproj", "{303BE46E-E86C-4BC6-8C15-FBF2CD28B00A}"
EndProject
Global
	GlobalSection(SolutionConfigurationPlatforms) = preSolution
		Debug|Any CPU = Debug|Any CPU
		Debug|Mixed Platforms = Debug|Mixed Platforms
		Debug|x86 = Debug|x86
		Release|Any CPU = Release|Any CPU
		Release|Mixed Platforms = Release|Mixed Platforms
		Release|x86 = Release|x86
	EndGlobalSection
	GlobalSection(ProjectConfigurationPlatforms) = postSolution
		{3949790D-8591-4101-9E4D-CE7A758E7409}.Debug|Any CPU.ActiveCfg = Debug|Any CPU
		{3949790D-8591-4101-9E4D-CE7A758E7409}.Debug|Any CPU.Build.0 = Debug|Any CPU
		{3949790D-8591-4101-9E4D-CE7A758E7409}.Debug|Mixed Platforms.ActiveCfg = Debug|Any CPU
		{3949790D-8591-4101-9E4D-CE7A758E7409}.Debug|Mixed Platforms.Build.0 = Debug|Any CPU
		{3949790D-8591-4101-9E4D-CE7A758E7409}.Debug|x86.ActiveCfg = Debug|Any CPU
		{3949790D-8591-4101-9E4D-CE7A758E7409}.Release|Any CPU.ActiveCfg = Release|Any CPU
		{3949790D-8591-4101-9E4D-CE7A758E7409}.Release|Any CPU.Build.0 = Release|Any CPU
		{3949790D-8591-4101-9E4D-CE7A758E7409}.Release|Mixed Platforms.ActiveCfg = Release|Any CPU
		{3949790D-8591-4101-9E4D-CE7A758E7409}.Release|Mixed Platforms.Build.0 = Release|Any CPU
		{3949790D-8591-4101-9E4D-CE7A758E7409}.Release|x86.ActiveCfg = Release|Any CPU
		{62373408-6E14-4753-9B0E-EE0CF5988481}.Debug|Any CPU.ActiveCfg = Debug|Any CPU
		{62373408-6E14-4753-9B0E-EE0CF5988481}.Debug|Any CPU.Build.0 = Debug|Any CPU
		{62373408-6E14-4753-9B0E-EE0CF5988481}.Debug|Mixed Platforms.ActiveCfg = Debug|Any CPU
		{62373408-6E14-4753-9B0E-EE0CF5988481}.Debug|Mixed Platforms.Build.0 = Debug|Any CPU
		{62373408-6E14-4753-9B0E-EE0CF5988481}.Debug|x86.ActiveCfg = Debug|Any CPU
		{62373408-6E14-4753-9B0E-EE0CF5988481}.Release|Any CPU.ActiveCfg = Release|Any CPU
		{62373408-6E14-4753-9B0E-EE0CF5988481}.Release|Any CPU.Build.0 = Release|Any CPU
		{62373408-6E14-4753-9B0E-EE0CF5988481}.Release|Mixed Platforms.ActiveCfg = Release|Any CPU
		{62373408-6E14-4753-9B0E-EE0CF5988481}.Release|Mixed Platforms.Build.0 = Release|Any CPU
		{62373408-6E14-4753-9B0E-EE0CF5988481}.Release|x86.ActiveCfg = Release|Any CPU
		{303BE46E-E86C-4BC6-8C15-FBF2CD28B00A}.Debug|Any CPU.ActiveCfg = Debug|x86
		{303BE46E-E86C-4BC6-8C15-FBF2CD28B00A}.Debug|Mixed Platforms.ActiveCfg = Debug|x86
		{303BE46E-E86C-4BC6-8C15-FBF2CD28B00A}.Debug|Mixed Platforms.Build.0 = Debug|x86
		{303BE46E-E86C-4BC6-8C15-FBF2CD28B00A}.Debug|x86.ActiveCfg = Debug|x86
		{303BE46E-E86C-4BC6-8C15-FBF2CD28B00A}.Debug|x86.Build.0 = Debug|x86
		{303BE46E-E86C-4BC6-8C15-FBF2CD28B00A}.Release|Any CPU.ActiveCfg = Release|x86
		{303BE46E-E86C-4BC6-8C15-FBF2CD28B00A}.Release|Mixed Platforms.ActiveCfg = Release|x86
		{303BE46E-E86C-4BC6-8C15-FBF2CD28B00A}.Release|Mixed Platforms.Build.0 = Release|x86
		{303BE46E-E86C-4BC6-8C15-FBF2CD28B00A}.Release|x86.ActiveCfg = Release|x86
		{303BE46E-E86C-4BC6-8C15-FBF2CD28B00A}.Release|x86.Build.0 = Release|x86
	EndGlobalSection
	GlobalSection(SolutionProperties) = preSolution
		HideSolutionNode = FALSE
	EndGlobalSection
EndGlobal
