
Microsoft Visual Studio Solution File, Format Version 12.00
# Visual Studio 2013
VisualStudioVersion = 12.0.40302.0
MinimumVisualStudioVersion = 10.0.40219.1
Project("{FAE04EC0-301F-11D3-BF4B-00C04F79EFBC}") = "Styx", "Styx\Styx.csproj", "{3949790D-8591-4101-9E4D-CE7A758E7409}"
EndProject
Project("{2150E333-8FDC-42A3-9474-1A3956D46DE8}") = "Dependencies", "Dependencies", "{6366E9BF-DC3F-40B7-8B58-24C0449C4675}"
EndProject
Project("{FAE04EC0-301F-11D3-BF4B-00C04F79EFBC}") = "Illias", "..\Illias\Illias\Illias.csproj", "{E156F18D-D41C-4529-9BCC-9962E6EE25DA}"
EndProject
Global
	GlobalSection(SolutionConfigurationPlatforms) = preSolution
		Debug|Any CPU = Debug|Any CPU
		Release|Any CPU = Release|Any CPU
	EndGlobalSection
	GlobalSection(ProjectConfigurationPlatforms) = postSolution
		{3949790D-8591-4101-9E4D-CE7A758E7409}.Debug|Any CPU.ActiveCfg = Debug|Any CPU
		{3949790D-8591-4101-9E4D-CE7A758E7409}.Debug|Any CPU.Build.0 = Debug|Any CPU
		{3949790D-8591-4101-9E4D-CE7A758E7409}.Release|Any CPU.ActiveCfg = Release|Any CPU
		{3949790D-8591-4101-9E4D-CE7A758E7409}.Release|Any CPU.Build.0 = Release|Any CPU
		{E156F18D-D41C-4529-9BCC-9962E6EE25DA}.Debug|Any CPU.ActiveCfg = Debug|Any CPU
		{E156F18D-D41C-4529-9BCC-9962E6EE25DA}.Debug|Any CPU.Build.0 = Debug|Any CPU
		{E156F18D-D41C-4529-9BCC-9962E6EE25DA}.Release|Any CPU.ActiveCfg = Release|Any CPU
		{E156F18D-D41C-4529-9BCC-9962E6EE25DA}.Release|Any CPU.Build.0 = Release|Any CPU
	EndGlobalSection
	GlobalSection(SolutionProperties) = preSolution
		HideSolutionNode = FALSE
	EndGlobalSection
	GlobalSection(NestedProjects) = preSolution
		{E156F18D-D41C-4529-9BCC-9962E6EE25DA} = {6366E9BF-DC3F-40B7-8B58-24C0449C4675}
	EndGlobalSection
EndGlobal
