
Microsoft Visual Studio Solution File, Format Version 12.00
# Visual Studio 2012
Project("{FAE04EC0-301F-11D3-BF4B-00C04F79EFBC}") = "StyxPCL", "Styx\StyxPCL.csproj", "{92A51A21-9013-4837-AAC7-20D5CC547387}"
EndProject
Project("{2150E333-8FDC-42A3-9474-1A3956D46DE8}") = "Dependencies", "Dependencies", "{01F47B25-D0E1-40C1-86D1-272BCC0EA1AE}"
EndProject
Project("{FAE04EC0-301F-11D3-BF4B-00C04F79EFBC}") = "CommonsPCL", "..\Illias\Commons\CommonsPCL.csproj", "{B12974C4-97A4-420E-BCDD-0405D3FA2A0C}"
EndProject
Global
	GlobalSection(SolutionConfigurationPlatforms) = preSolution
		Debug|Any CPU = Debug|Any CPU
		Release|Any CPU = Release|Any CPU
	EndGlobalSection
	GlobalSection(ProjectConfigurationPlatforms) = postSolution
		{92A51A21-9013-4837-AAC7-20D5CC547387}.Debug|Any CPU.ActiveCfg = Debug|Any CPU
		{92A51A21-9013-4837-AAC7-20D5CC547387}.Debug|Any CPU.Build.0 = Debug|Any CPU
		{92A51A21-9013-4837-AAC7-20D5CC547387}.Release|Any CPU.ActiveCfg = Release|Any CPU
		{92A51A21-9013-4837-AAC7-20D5CC547387}.Release|Any CPU.Build.0 = Release|Any CPU
		{B12974C4-97A4-420E-BCDD-0405D3FA2A0C}.Debug|Any CPU.ActiveCfg = Debug|Any CPU
		{B12974C4-97A4-420E-BCDD-0405D3FA2A0C}.Debug|Any CPU.Build.0 = Debug|Any CPU
		{B12974C4-97A4-420E-BCDD-0405D3FA2A0C}.Release|Any CPU.ActiveCfg = Release|Any CPU
		{B12974C4-97A4-420E-BCDD-0405D3FA2A0C}.Release|Any CPU.Build.0 = Release|Any CPU
	EndGlobalSection
	GlobalSection(SolutionProperties) = preSolution
		HideSolutionNode = FALSE
	EndGlobalSection
	GlobalSection(NestedProjects) = preSolution
		{B12974C4-97A4-420E-BCDD-0405D3FA2A0C} = {01F47B25-D0E1-40C1-86D1-272BCC0EA1AE}
	EndGlobalSection
EndGlobal
